dependencies:
  DCCEXProtocol:
    dependencies: []
    source:
      path: ../..
      type: local
    version: 2.3.3
  idf:
    source:
      type: idf
    version: 6.0.1
direct_dependencies:
- DCCEXProtocol
- idf
manifest_hash: 98e7dfa278ee0bd8b8c3054e443f523dc69076aaa0b357437701fd978486f272
target: esp32
version: 3.0.0
